
Microsoft Visual Studio Solution File, Format Version 11.00
# Visual Studio 2010
# SharpDevelop 5.1
Project("{FAE04EC0-301F-11D3-BF4B-00C04F79EFBC}") = "PasswordManager.UI", "PasswordManager.UI\PasswordManager.UI.csproj", "{AF0B52F2-3D46-485A-8810-20A0D8A98898}"
EndProject
Project("{FAE04EC0-301F-11D3-BF4B-00C04F79EFBC}") = "PasswordManager.Encryption", "PasswordManager.Encryption\PasswordManager.Encryption.csproj", "{2CB57407-AA63-482C-8921-F8DEDB3C0403}"
EndProject
Project("{FAE04EC0-301F-11D3-BF4B-00C04F79EFBC}") = "PasswordManager.CommonUtils", "PasswordManager.CommonUtils\PasswordManager.CommonUtils.csproj", "{49C5D079-FE3C-42D7-B9B4-6BF063D4DCC5}"
EndProject
Project("{2150E333-8FDC-42A3-9474-1A3956D46DE8}") = "Solution Items", "Solution Items", "{21218FFA-F7C2-4420-ACB1-4E1CA92E0D5D}"
	ProjectSection(SolutionItems) = preProject
		SolutionItems\PasswordManager.Icon.ico = SolutionItems\PasswordManager.Icon.ico
		SolutionItems\PasswordsData.xml = SolutionItems\PasswordsData.xml
		SolutionItems\UserData.xml = SolutionItems\UserData.xml
	EndProjectSection
EndProject
Project("{FAE04EC0-301F-11D3-BF4B-00C04F79EFBC}") = "PasswordManager.ImportExport", "PasswordManager.ImportExport\PasswordManager.ImportExport.csproj", "{CA520EB6-4A6C-4134-BED7-B4729C8D61E4}"
EndProject
Project("{FAE04EC0-301F-11D3-BF4B-00C04F79EFBC}") = "PasswordManager.CommandLine", "PasswordManager.CommandLine\PasswordManager.CommandLine.csproj", "{8AEABF0A-CD3B-423E-B6C9-966C8B9E027A}"
EndProject
Global
	GlobalSection(SolutionConfigurationPlatforms) = preSolution
		Debug|Any CPU = Debug|Any CPU
		Debug|x86 = Debug|x86
		Release|Any CPU = Release|Any CPU
		Release|x86 = Release|x86
	EndGlobalSection
	GlobalSection(ProjectConfigurationPlatforms) = postSolution
		{AF0B52F2-3D46-485A-8810-20A0D8A98898}.Debug|Any CPU.ActiveCfg = Debug|Any CPU
		{AF0B52F2-3D46-485A-8810-20A0D8A98898}.Debug|Any CPU.Build.0 = Debug|Any CPU
		{AF0B52F2-3D46-485A-8810-20A0D8A98898}.Debug|x86.ActiveCfg = Debug|Any CPU
		{AF0B52F2-3D46-485A-8810-20A0D8A98898}.Release|Any CPU.ActiveCfg = Release|Any CPU
		{AF0B52F2-3D46-485A-8810-20A0D8A98898}.Release|Any CPU.Build.0 = Release|Any CPU
		{AF0B52F2-3D46-485A-8810-20A0D8A98898}.Release|x86.ActiveCfg = Release|Any CPU
		{2CB57407-AA63-482C-8921-F8DEDB3C0403}.Debug|Any CPU.ActiveCfg = Debug|Any CPU
		{2CB57407-AA63-482C-8921-F8DEDB3C0403}.Debug|Any CPU.Build.0 = Debug|Any CPU
		{2CB57407-AA63-482C-8921-F8DEDB3C0403}.Debug|x86.ActiveCfg = Debug|x86
		{2CB57407-AA63-482C-8921-F8DEDB3C0403}.Debug|x86.Build.0 = Debug|x86
		{2CB57407-AA63-482C-8921-F8DEDB3C0403}.Release|Any CPU.ActiveCfg = Release|Any CPU
		{2CB57407-AA63-482C-8921-F8DEDB3C0403}.Release|Any CPU.Build.0 = Release|Any CPU
		{2CB57407-AA63-482C-8921-F8DEDB3C0403}.Release|x86.ActiveCfg = Release|x86
		{2CB57407-AA63-482C-8921-F8DEDB3C0403}.Release|x86.Build.0 = Release|x86
		{49C5D079-FE3C-42D7-B9B4-6BF063D4DCC5}.Debug|Any CPU.ActiveCfg = Debug|Any CPU
		{49C5D079-FE3C-42D7-B9B4-6BF063D4DCC5}.Debug|Any CPU.Build.0 = Debug|Any CPU
		{49C5D079-FE3C-42D7-B9B4-6BF063D4DCC5}.Debug|x86.ActiveCfg = Debug|Any CPU
		{49C5D079-FE3C-42D7-B9B4-6BF063D4DCC5}.Release|Any CPU.ActiveCfg = Release|Any CPU
		{49C5D079-FE3C-42D7-B9B4-6BF063D4DCC5}.Release|Any CPU.Build.0 = Release|Any CPU
		{49C5D079-FE3C-42D7-B9B4-6BF063D4DCC5}.Release|x86.ActiveCfg = Release|Any CPU
		{CA520EB6-4A6C-4134-BED7-B4729C8D61E4}.Debug|Any CPU.ActiveCfg = Debug|Any CPU
		{CA520EB6-4A6C-4134-BED7-B4729C8D61E4}.Debug|Any CPU.Build.0 = Debug|Any CPU
		{CA520EB6-4A6C-4134-BED7-B4729C8D61E4}.Debug|x86.ActiveCfg = Debug|Any CPU
		{CA520EB6-4A6C-4134-BED7-B4729C8D61E4}.Release|Any CPU.ActiveCfg = Release|Any CPU
		{CA520EB6-4A6C-4134-BED7-B4729C8D61E4}.Release|Any CPU.Build.0 = Release|Any CPU
		{CA520EB6-4A6C-4134-BED7-B4729C8D61E4}.Release|x86.ActiveCfg = Release|Any CPU
		{8AEABF0A-CD3B-423E-B6C9-966C8B9E027A}.Debug|Any CPU.ActiveCfg = Debug|Any CPU
		{8AEABF0A-CD3B-423E-B6C9-966C8B9E027A}.Debug|Any CPU.Build.0 = Debug|Any CPU
		{8AEABF0A-CD3B-423E-B6C9-966C8B9E027A}.Debug|x86.ActiveCfg = Debug|Any CPU
		{8AEABF0A-CD3B-423E-B6C9-966C8B9E027A}.Release|Any CPU.ActiveCfg = Release|Any CPU
		{8AEABF0A-CD3B-423E-B6C9-966C8B9E027A}.Release|Any CPU.Build.0 = Release|Any CPU
		{8AEABF0A-CD3B-423E-B6C9-966C8B9E027A}.Release|x86.ActiveCfg = Release|Any CPU
	EndGlobalSection
	GlobalSection(SolutionProperties) = preSolution
		HideSolutionNode = FALSE
	EndGlobalSection
EndGlobal
